// !$*UTF8*$!
{
	archiveVersion = 1;
	classes = {
	};
	objectVersion = 46;
	objects = {

/* Begin PBXBuildFile section */
		043D8DC21DE5E235004E7899 /* VistorView.swift in Sources */ = {isa = PBXBuildFile; fileRef = 043D8DC11DE5E235004E7899 /* VistorView.swift */; };
		043D8DC41DE5E24A004E7899 /* VistorView.xib in Resources */ = {isa = PBXBuildFile; fileRef = 043D8DC31DE5E24A004E7899 /* VistorView.xib */; };
		043D8DC61DE5E489004E7899 /* HomeViewController.swift in Sources */ = {isa = PBXBuildFile; fileRef = 043D8DC51DE5E489004E7899 /* HomeViewController.swift */; };
		045A5E081DE5B9DB00054F57 /* Home.storyboard in Resources */ = {isa = PBXBuildFile; fileRef = 045A5E071DE5B9DB00054F57 /* Home.storyboard */; };
		045A5E0A1DE5B9EA00054F57 /* Message.storyboard in Resources */ = {isa = PBXBuildFile; fileRef = 045A5E091DE5B9EA00054F57 /* Message.storyboard */; };
		045A5E0C1DE5B9F400054F57 /* Discover.storyboard in Resources */ = {isa = PBXBuildFile; fileRef = 045A5E0B1DE5B9F400054F57 /* Discover.storyboard */; };
		045A5E0E1DE5B9FE00054F57 /* Profile.storyboard in Resources */ = {isa = PBXBuildFile; fileRef = 045A5E0D1DE5B9FE00054F57 /* Profile.storyboard */; };
		046DE8551DE7D12B00E829D3 /* LYPresentationController.swift in Sources */ = {isa = PBXBuildFile; fileRef = 046DE8541DE7D12B00E829D3 /* LYPresentationController.swift */; };
		046DE8571DE7E26700E829D3 /* PopoverAnimator.swift in Sources */ = {isa = PBXBuildFile; fileRef = 046DE8561DE7E26700E829D3 /* PopoverAnimator.swift */; };
		0494C5251DE68F0A00305213 /* UIBarButtonItem-Extension.swift in Sources */ = {isa = PBXBuildFile; fileRef = 0494C5241DE68F0A00305213 /* UIBarButtonItem-Extension.swift */; };
		0494C5271DE6931F00305213 /* TitleViewButton.swift in Sources */ = {isa = PBXBuildFile; fileRef = 0494C5261DE6931F00305213 /* TitleViewButton.swift */; };
		0494C52B1DE696D000305213 /* PopoverViewController.swift in Sources */ = {isa = PBXBuildFile; fileRef = 0494C5291DE696D000305213 /* PopoverViewController.swift */; };
		0494C52C1DE696D000305213 /* PopoverViewController.xib in Resources */ = {isa = PBXBuildFile; fileRef = 0494C52A1DE696D000305213 /* PopoverViewController.xib */; };
		04D55E5A1DE564FE006113EC /* AppDelegate.swift in Sources */ = {isa = PBXBuildFile; fileRef = 04D55E591DE564FE006113EC /* AppDelegate.swift */; };
		04D55E5F1DE564FE006113EC /* Main.storyboard in Resources */ = {isa = PBXBuildFile; fileRef = 04D55E5D1DE564FE006113EC /* Main.storyboard */; };
		04D55E611DE564FE006113EC /* Assets.xcassets in Resources */ = {isa = PBXBuildFile; fileRef = 04D55E601DE564FE006113EC /* Assets.xcassets */; };
		04D55E721DE598E8006113EC /* MainViewController.swift in Sources */ = {isa = PBXBuildFile; fileRef = 04D55E711DE598E8006113EC /* MainViewController.swift */; };
		04D55E7A1DE599F1006113EC /* MessageViewController.swift in Sources */ = {isa = PBXBuildFile; fileRef = 04D55E791DE599F1006113EC /* MessageViewController.swift */; };
		04D55E7C1DE599FE006113EC /* DiscoverViewController.swift in Sources */ = {isa = PBXBuildFile; fileRef = 04D55E7B1DE599FE006113EC /* DiscoverViewController.swift */; };
		04D55E7E1DE59A09006113EC /* ProfileViewController.swift in Sources */ = {isa = PBXBuildFile; fileRef = 04D55E7D1DE59A09006113EC /* ProfileViewController.swift */; };
		04D55E911DE5B157006113EC /* UIButton-Extension.swift in Sources */ = {isa = PBXBuildFile; fileRef = 04D55E901DE5B157006113EC /* UIButton-Extension.swift */; };
		0A2C89671DEAEA6B00A58C90 /* NetworkTools.swift in Sources */ = {isa = PBXBuildFile; fileRef = 0A2C89661DEAEA6B00A58C90 /* NetworkTools.swift */; };
		0A2C896E1DEAF83100A58C90 /* Common.swift in Sources */ = {isa = PBXBuildFile; fileRef = 0A2C896D1DEAF83100A58C90 /* Common.swift */; };
		0A4EDF3F1DF66E9F00CE1BD7 /* EmoticonAttachment.swift in Sources */ = {isa = PBXBuildFile; fileRef = 0A4EDF351DF66E9F00CE1BD7 /* EmoticonAttachment.swift */; };
		0A4EDF401DF66E9F00CE1BD7 /* EmoticonCell.swift in Sources */ = {isa = PBXBuildFile; fileRef = 0A4EDF361DF66E9F00CE1BD7 /* EmoticonCell.swift */; };
		0A4EDF411DF66E9F00CE1BD7 /* EmoticonController.swift in Sources */ = {isa = PBXBuildFile; fileRef = 0A4EDF371DF66E9F00CE1BD7 /* EmoticonController.swift */; };
		0A4EDF421DF66E9F00CE1BD7 /* Emoticon.swift in Sources */ = {isa = PBXBuildFile; fileRef = 0A4EDF391DF66E9F00CE1BD7 /* Emoticon.swift */; };
		0A4EDF431DF66E9F00CE1BD7 /* EmoticonManager.swift in Sources */ = {isa = PBXBuildFile; fileRef = 0A4EDF3A1DF66E9F00CE1BD7 /* EmoticonManager.swift */; };
		0A4EDF441DF66E9F00CE1BD7 /* EmoticonPackage.swift in Sources */ = {isa = PBXBuildFile; fileRef = 0A4EDF3B1DF66E9F00CE1BD7 /* EmoticonPackage.swift */; };
		0A4EDF451DF66E9F00CE1BD7 /* Emoticons.bundle in Resources */ = {isa = PBXBuildFile; fileRef = 0A4EDF3D1DF66E9F00CE1BD7 /* Emoticons.bundle */; };
		0A4EDF461DF66E9F00CE1BD7 /* UITextView-Extension.swift in Sources */ = {isa = PBXBuildFile; fileRef = 0A4EDF3E1DF66E9F00CE1BD7 /* UITextView-Extension.swift */; };
		0A4EDF7E1DF6D98D00CE1BD7 /* FindEmoticon.swift in Sources */ = {isa = PBXBuildFile; fileRef = 0A4EDF7D1DF6D98D00CE1BD7 /* FindEmoticon.swift */; };
		0A6DFA851DEE99E900C4737F /* ComposeViewController.swift in Sources */ = {isa = PBXBuildFile; fileRef = 0A6DFA831DEE99E900C4737F /* ComposeViewController.swift */; };
		0A6DFA861DEE99E900C4737F /* ComposeViewController.xib in Resources */ = {isa = PBXBuildFile; fileRef = 0A6DFA841DEE99E900C4737F /* ComposeViewController.xib */; };
		0A6DFA8A1DEE9A7400C4737F /* ComposeTitleView.swift in Sources */ = {isa = PBXBuildFile; fileRef = 0A6DFA891DEE9A7400C4737F /* ComposeTitleView.swift */; };
		0A6DFA8C1DEEA0F500C4737F /* ComposeTextView.swift in Sources */ = {isa = PBXBuildFile; fileRef = 0A6DFA8B1DEEA0F500C4737F /* ComposeTextView.swift */; };
		0A6DFA8E1DEED9CB00C4737F /* PicPickerCollectionView.swift in Sources */ = {isa = PBXBuildFile; fileRef = 0A6DFA8D1DEED9CB00C4737F /* PicPickerCollectionView.swift */; };
		0A6DFA911DEEDDAB00C4737F /* PicPickerCell.swift in Sources */ = {isa = PBXBuildFile; fileRef = 0A6DFA8F1DEEDDAB00C4737F /* PicPickerCell.swift */; };
		0A6DFA921DEEDDAB00C4737F /* PicPickerCell.xib in Resources */ = {isa = PBXBuildFile; fileRef = 0A6DFA901DEEDDAB00C4737F /* PicPickerCell.xib */; };
		0A8986E51DEB521C00A0F46C /* OAuthViewController.swift in Sources */ = {isa = PBXBuildFile; fileRef = 0A8986E21DEB521C00A0F46C /* OAuthViewController.swift */; };
		0A8986E61DEB521C00A0F46C /* OAuthViewController.xib in Resources */ = {isa = PBXBuildFile; fileRef = 0A8986E31DEB521C00A0F46C /* OAuthViewController.xib */; };
		0A8986E81DEB527000A0F46C /* UserAccount.swift in Sources */ = {isa = PBXBuildFile; fileRef = 0A8986E71DEB527000A0F46C /* UserAccount.swift */; };
		0A8986EA1DEB57B600A0F46C /* UserAccountViewModel.swift in Sources */ = {isa = PBXBuildFile; fileRef = 0A8986E91DEB57B600A0F46C /* UserAccountViewModel.swift */; };
		0A8986EE1DEBC27F00A0F46C /* WelcomeViewController.swift in Sources */ = {isa = PBXBuildFile; fileRef = 0A8986EC1DEBC27F00A0F46C /* WelcomeViewController.swift */; };
		0A8986EF1DEBC27F00A0F46C /* WelcomeViewController.xib in Resources */ = {isa = PBXBuildFile; fileRef = 0A8986ED1DEBC27F00A0F46C /* WelcomeViewController.xib */; };
		0AE6CE261DECA8F90072E1C4 /* PicCollectionView.swift in Sources */ = {isa = PBXBuildFile; fileRef = 0AE6CE251DECA8F90072E1C4 /* PicCollectionView.swift */; };
		0AEB45181DEC0DE900F681BC /* Status.swift in Sources */ = {isa = PBXBuildFile; fileRef = 0AEB45171DEC0DE900F681BC /* Status.swift */; };
		0AEB451C1DEC1AF100F681BC /* NSDate-Extension.swift in Sources */ = {isa = PBXBuildFile; fileRef = 0AEB451B1DEC1AF100F681BC /* NSDate-Extension.swift */; };
		0AEB451E1DEC241200F681BC /* User.swift in Sources */ = {isa = PBXBuildFile; fileRef = 0AEB451D1DEC241200F681BC /* User.swift */; };
		0AEB45201DEC2F4600F681BC /* StatusViewModel.swift in Sources */ = {isa = PBXBuildFile; fileRef = 0AEB451F1DEC2F4600F681BC /* StatusViewModel.swift */; };
		0AEB45231DEC393700F681BC /* HomeViewCell.swift in Sources */ = {isa = PBXBuildFile; fileRef = 0AEB45221DEC393700F681BC /* HomeViewCell.swift */; };
		0AEB45271DEC399400F681BC /* BaseTableViewController.swift in Sources */ = {isa = PBXBuildFile; fileRef = 0AEB45251DEC399400F681BC /* BaseTableViewController.swift */; };
		0AEB45281DEC399400F681BC /* BaseViewController.swift in Sources */ = {isa = PBXBuildFile; fileRef = 0AEB45261DEC399400F681BC /* BaseViewController.swift */; };
		0AEB452D1DEC399C00F681BC /* BaseModel.swift in Sources */ = {isa = PBXBuildFile; fileRef = 0AEB452A1DEC399C00F681BC /* BaseModel.swift */; };
		0AEB452E1DEC399C00F681BC /* Null.storyboard in Resources */ = {isa = PBXBuildFile; fileRef = 0AEB452C1DEC399C00F681BC /* Null.storyboard */; };
		0AEB45301DEC39CC00F681BC /* BaseTableViewCell.swift in Sources */ = {isa = PBXBuildFile; fileRef = 0AEB452F1DEC39CC00F681BC /* BaseTableViewCell.swift */; };
		584CE50784CA053B62B3D6F5 /* Pods_WBSwift.framework in Frameworks */ = {isa = PBXBuildFile; fileRef = 84D8A3F8E6F56CCDB82FAC19 /* Pods_WBSwift.framework */; };
/* End PBXBuildFile section */

/* Begin PBXFileReference section */
		043D8DC11DE5E235004E7899 /* VistorView.swift */ = {isa = PBXFileReference; fileEncoding = 4; lastKnownFileType = sourcecode.swift; path = VistorView.swift; sourceTree = "<group>"; };
		043D8DC31DE5E24A004E7899 /* VistorView.xib */ = {isa = PBXFileReference; fileEncoding = 4; lastKnownFileType = file.xib; path = VistorView.xib; sourceTree = "<group>"; };
		043D8DC51DE5E489004E7899 /* HomeViewController.swift */ = {isa = PBXFileReference; fileEncoding = 4; lastKnownFileType = sourcecode.swift; path = HomeViewController.swift; sourceTree = "<group>"; };
		045A5E071DE5B9DB00054F57 /* Home.storyboard */ = {isa = PBXFileReference; fileEncoding = 4; lastKnownFileType = file.storyboard; path = Home.storyboard; sourceTree = "<group>"; };
		045A5E091DE5B9EA00054F57 /* Message.storyboard */ = {isa = PBXFileReference; fileEncoding = 4; lastKnownFileType = file.storyboard; path = Message.storyboard; sourceTree = "<group>"; };
		045A5E0B1DE5B9F400054F57 /* Discover.storyboard */ = {isa = PBXFileReference; fileEncoding = 4; lastKnownFileType = file.storyboard; path = Discover.storyboard; sourceTree = "<group>"; };
		045A5E0D1DE5B9FE00054F57 /* Profile.storyboard */ = {isa = PBXFileReference; fileEncoding = 4; lastKnownFileType = file.storyboard; path = Profile.storyboard; sourceTree = "<group>"; };
		046DE8541DE7D12B00E829D3 /* LYPresentationController.swift */ = {isa = PBXFileReference; fileEncoding = 4; lastKnownFileType = sourcecode.swift; path = LYPresentationController.swift; sourceTree = "<group>"; };
		046DE8561DE7E26700E829D3 /* PopoverAnimator.swift */ = {isa = PBXFileReference; fileEncoding = 4; lastKnownFileType = sourcecode.swift; path = PopoverAnimator.swift; sourceTree = "<group>"; };
		0494C5241DE68F0A00305213 /* UIBarButtonItem-Extension.swift */ = {isa = PBXFileReference; fileEncoding = 4; lastKnownFileType = sourcecode.swift; path = "UIBarButtonItem-Extension.swift"; sourceTree = "<group>"; };
		0494C5261DE6931F00305213 /* TitleViewButton.swift */ = {isa = PBXFileReference; fileEncoding = 4; lastKnownFileType = sourcecode.swift; path = TitleViewButton.swift; sourceTree = "<group>"; };
		0494C5291DE696D000305213 /* PopoverViewController.swift */ = {isa = PBXFileReference; fileEncoding = 4; lastKnownFileType = sourcecode.swift; path = PopoverViewController.swift; sourceTree = "<group>"; };
		0494C52A1DE696D000305213 /* PopoverViewController.xib */ = {isa = PBXFileReference; fileEncoding = 4; lastKnownFileType = file.xib; path = PopoverViewController.xib; sourceTree = "<group>"; };
		04D55E561DE564FE006113EC /* WBSwift.app */ = {isa = PBXFileReference; explicitFileType = wrapper.application; includeInIndex = 0; path = WBSwift.app; sourceTree = BUILT_PRODUCTS_DIR; };
		04D55E591DE564FE006113EC /* AppDelegate.swift */ = {isa = PBXFileReference; lastKnownFileType = sourcecode.swift; path = AppDelegate.swift; sourceTree = "<group>"; };
		04D55E5E1DE564FE006113EC /* Base */ = {isa = PBXFileReference; lastKnownFileType = file.storyboard; name = Base; path = Base.lproj/Main.storyboard; sourceTree = "<group>"; };
		04D55E601DE564FE006113EC /* Assets.xcassets */ = {isa = PBXFileReference; lastKnownFileType = folder.assetcatalog; path = Assets.xcassets; sourceTree = "<group>"; };
		04D55E651DE564FE006113EC /* Info.plist */ = {isa = PBXFileReference; lastKnownFileType = text.plist.xml; path = Info.plist; sourceTree = "<group>"; };
		04D55E711DE598E8006113EC /* MainViewController.swift */ = {isa = PBXFileReference; fileEncoding = 4; lastKnownFileType = sourcecode.swift; name = MainViewController.swift; path = ../MainViewController.swift; sourceTree = "<group>"; };
		04D55E791DE599F1006113EC /* MessageViewController.swift */ = {isa = PBXFileReference; fileEncoding = 4; lastKnownFileType = sourcecode.swift; path = MessageViewController.swift; sourceTree = "<group>"; };
		04D55E7B1DE599FE006113EC /* DiscoverViewController.swift */ = {isa = PBXFileReference; fileEncoding = 4; lastKnownFileType = sourcecode.swift; path = DiscoverViewController.swift; sourceTree = "<group>"; };
		04D55E7D1DE59A09006113EC /* ProfileViewController.swift */ = {isa = PBXFileReference; fileEncoding = 4; lastKnownFileType = sourcecode.swift; path = ProfileViewController.swift; sourceTree = "<group>"; };
		04D55E901DE5B157006113EC /* UIButton-Extension.swift */ = {isa = PBXFileReference; fileEncoding = 4; lastKnownFileType = sourcecode.swift; path = "UIButton-Extension.swift"; sourceTree = "<group>"; };
		0638D1D6FA9DF1E7BF61D89E /* Pods-WBSwift.release.xcconfig */ = {isa = PBXFileReference; includeInIndex = 1; lastKnownFileType = text.xcconfig; name = "Pods-WBSwift.release.xcconfig"; path = "Pods/Target Support Files/Pods-WBSwift/Pods-WBSwift.release.xcconfig"; sourceTree = "<group>"; };
		0A2C89661DEAEA6B00A58C90 /* NetworkTools.swift */ = {isa = PBXFileReference; fileEncoding = 4; lastKnownFileType = sourcecode.swift; path = NetworkTools.swift; sourceTree = "<group>"; };
		0A2C896D1DEAF83100A58C90 /* Common.swift */ = {isa = PBXFileReference; fileEncoding = 4; lastKnownFileType = sourcecode.swift; path = Common.swift; sourceTree = "<group>"; };
		0A4EDF351DF66E9F00CE1BD7 /* EmoticonAttachment.swift */ = {isa = PBXFileReference; fileEncoding = 4; lastKnownFileType = sourcecode.swift; path = EmoticonAttachment.swift; sourceTree = "<group>"; };
		0A4EDF361DF66E9F00CE1BD7 /* EmoticonCell.swift */ = {isa = PBXFileReference; fileEncoding = 4; lastKnownFileType = sourcecode.swift; path = EmoticonCell.swift; sourceTree = "<group>"; };
		0A4EDF371DF66E9F00CE1BD7 /* EmoticonController.swift */ = {isa = PBXFileReference; fileEncoding = 4; lastKnownFileType = sourcecode.swift; path = EmoticonController.swift; sourceTree = "<group>"; };
		0A4EDF391DF66E9F00CE1BD7 /* Emoticon.swift */ = {isa = PBXFileReference; fileEncoding = 4; lastKnownFileType = sourcecode.swift; path = Emoticon.swift; sourceTree = "<group>"; };
		0A4EDF3A1DF66E9F00CE1BD7 /* EmoticonManager.swift */ = {isa = PBXFileReference; fileEncoding = 4; lastKnownFileType = sourcecode.swift; path = EmoticonManager.swift; sourceTree = "<group>"; };
		0A4EDF3B1DF66E9F00CE1BD7 /* EmoticonPackage.swift */ = {isa = PBXFileReference; fileEncoding = 4; lastKnownFileType = sourcecode.swift; path = EmoticonPackage.swift; sourceTree = "<group>"; };
		0A4EDF3D1DF66E9F00CE1BD7 /* Emoticons.bundle */ = {isa = PBXFileReference; lastKnownFileType = "wrapper.plug-in"; path = Emoticons.bundle; sourceTree = "<group>"; };
		0A4EDF3E1DF66E9F00CE1BD7 /* UITextView-Extension.swift */ = {isa = PBXFileReference; fileEncoding = 4; lastKnownFileType = sourcecode.swift; path = "UITextView-Extension.swift"; sourceTree = "<group>"; };
		0A4EDF7D1DF6D98D00CE1BD7 /* FindEmoticon.swift */ = {isa = PBXFileReference; fileEncoding = 4; lastKnownFileType = sourcecode.swift; path = FindEmoticon.swift; sourceTree = "<group>"; };
		0A6DFA831DEE99E900C4737F /* ComposeViewController.swift */ = {isa = PBXFileReference; fileEncoding = 4; lastKnownFileType = sourcecode.swift; path = ComposeViewController.swift; sourceTree = "<group>"; };
		0A6DFA841DEE99E900C4737F /* ComposeViewController.xib */ = {isa = PBXFileReference; fileEncoding = 4; lastKnownFileType = file.xib; path = ComposeViewController.xib; sourceTree = "<group>"; };
		0A6DFA891DEE9A7400C4737F /* ComposeTitleView.swift */ = {isa = PBXFileReference; fileEncoding = 4; lastKnownFileType = sourcecode.swift; path = ComposeTitleView.swift; sourceTree = "<group>"; };
		0A6DFA8B1DEEA0F500C4737F /* ComposeTextView.swift */ = {isa = PBXFileReference; fileEncoding = 4; lastKnownFileType = sourcecode.swift; path = ComposeTextView.swift; sourceTree = "<group>"; };
		0A6DFA8D1DEED9CB00C4737F /* PicPickerCollectionView.swift */ = {isa = PBXFileReference; fileEncoding = 4; lastKnownFileType = sourcecode.swift; path = PicPickerCollectionView.swift; sourceTree = "<group>"; };
		0A6DFA8F1DEEDDAB00C4737F /* PicPickerCell.swift */ = {isa = PBXFileReference; fileEncoding = 4; lastKnownFileType = sourcecode.swift; path = PicPickerCell.swift; sourceTree = "<group>"; };
		0A6DFA901DEEDDAB00C4737F /* PicPickerCell.xib */ = {isa = PBXFileReference; fileEncoding = 4; lastKnownFileType = file.xib; path = PicPickerCell.xib; sourceTree = "<group>"; };
		0A8986E21DEB521C00A0F46C /* OAuthViewController.swift */ = {isa = PBXFileReference; fileEncoding = 4; lastKnownFileType = sourcecode.swift; path = OAuthViewController.swift; sourceTree = "<group>"; };
		0A8986E31DEB521C00A0F46C /* OAuthViewController.xib */ = {isa = PBXFileReference; fileEncoding = 4; lastKnownFileType = file.xib; path = OAuthViewController.xib; sourceTree = "<group>"; };
		0A8986E71DEB527000A0F46C /* UserAccount.swift */ = {isa = PBXFileReference; fileEncoding = 4; lastKnownFileType = sourcecode.swift; path = UserAccount.swift; sourceTree = "<group>"; };
		0A8986E91DEB57B600A0F46C /* UserAccountViewModel.swift */ = {isa = PBXFileReference; fileEncoding = 4; lastKnownFileType = sourcecode.swift; path = UserAccountViewModel.swift; sourceTree = "<group>"; };
		0A8986EC1DEBC27F00A0F46C /* WelcomeViewController.swift */ = {isa = PBXFileReference; fileEncoding = 4; lastKnownFileType = sourcecode.swift; path = WelcomeViewController.swift; sourceTree = "<group>"; };
		0A8986ED1DEBC27F00A0F46C /* WelcomeViewController.xib */ = {isa = PBXFileReference; fileEncoding = 4; lastKnownFileType = file.xib; path = WelcomeViewController.xib; sourceTree = "<group>"; };
		0AE6CE251DECA8F90072E1C4 /* PicCollectionView.swift */ = {isa = PBXFileReference; fileEncoding = 4; lastKnownFileType = sourcecode.swift; path = PicCollectionView.swift; sourceTree = "<group>"; };
		0AEB45171DEC0DE900F681BC /* Status.swift */ = {isa = PBXFileReference; fileEncoding = 4; lastKnownFileType = sourcecode.swift; path = Status.swift; sourceTree = "<group>"; };
		0AEB451B1DEC1AF100F681BC /* NSDate-Extension.swift */ = {isa = PBXFileReference; fileEncoding = 4; lastKnownFileType = sourcecode.swift; path = "NSDate-Extension.swift"; sourceTree = "<group>"; };
		0AEB451D1DEC241200F681BC /* User.swift */ = {isa = PBXFileReference; fileEncoding = 4; lastKnownFileType = sourcecode.swift; path = User.swift; sourceTree = "<group>"; };
		0AEB451F1DEC2F4600F681BC /* StatusViewModel.swift */ = {isa = PBXFileReference; fileEncoding = 4; lastKnownFileType = sourcecode.swift; path = StatusViewModel.swift; sourceTree = "<group>"; };
		0AEB45221DEC393700F681BC /* HomeViewCell.swift */ = {isa = PBXFileReference; fileEncoding = 4; lastKnownFileType = sourcecode.swift; path = HomeViewCell.swift; sourceTree = "<group>"; };
		0AEB45251DEC399400F681BC /* BaseTableViewController.swift */ = {isa = PBXFileReference; fileEncoding = 4; lastKnownFileType = sourcecode.swift; path = BaseTableViewController.swift; sourceTree = "<group>"; };
		0AEB45261DEC399400F681BC /* BaseViewController.swift */ = {isa = PBXFileReference; fileEncoding = 4; lastKnownFileType = sourcecode.swift; path = BaseViewController.swift; sourceTree = "<group>"; };
		0AEB452A1DEC399C00F681BC /* BaseModel.swift */ = {isa = PBXFileReference; fileEncoding = 4; lastKnownFileType = sourcecode.swift; path = BaseModel.swift; sourceTree = "<group>"; };
		0AEB452C1DEC399C00F681BC /* Null.storyboard */ = {isa = PBXFileReference; fileEncoding = 4; lastKnownFileType = file.storyboard; path = Null.storyboard; sourceTree = "<group>"; };
		0AEB452F1DEC39CC00F681BC /* BaseTableViewCell.swift */ = {isa = PBXFileReference; fileEncoding = 4; lastKnownFileType = sourcecode.swift; path = BaseTableViewCell.swift; sourceTree = "<group>"; };
		84D8A3F8E6F56CCDB82FAC19 /* Pods_WBSwift.framework */ = {isa = PBXFileReference; explicitFileType = wrapper.framework; includeInIndex = 0; path = Pods_WBSwift.framework; sourceTree = BUILT_PRODUCTS_DIR; };
		BA15B834A4A4A1B2C6108324 /* Pods-WBSwift.debug.xcconfig */ = {isa = PBXFileReference; includeInIndex = 1; lastKnownFileType = text.xcconfig; name = "Pods-WBSwift.debug.xcconfig"; path = "Pods/Target Support Files/Pods-WBSwift/Pods-WBSwift.debug.xcconfig"; sourceTree = "<group>"; };
/* End PBXFileReference section */

/* Begin PBXFrameworksBuildPhase section */
		04D55E531DE564FE006113EC /* Frameworks */ = {
			isa = PBXFrameworksBuildPhase;
			buildActionMask = 2147483647;
			files = (
				584CE50784CA053B62B3D6F5 /* Pods_WBSwift.framework in Frameworks */,
			);
			runOnlyForDeploymentPostprocessing = 0;
		};
/* End PBXFrameworksBuildPhase section */

/* Begin PBXGroup section */
		043D8DC01DE5E1B4004E7899 /* Vistor */ = {
			isa = PBXGroup;
			children = (
				043D8DC11DE5E235004E7899 /* VistorView.swift */,
				043D8DC31DE5E24A004E7899 /* VistorView.xib */,
			);
			path = Vistor;
			sourceTree = "<group>";
		};
		0494C5281DE696B600305213 /* Popover */ = {
			isa = PBXGroup;
			children = (
				0494C5291DE696D000305213 /* PopoverViewController.swift */,
				0494C52A1DE696D000305213 /* PopoverViewController.xib */,
				046DE8541DE7D12B00E829D3 /* LYPresentationController.swift */,
				046DE8561DE7E26700E829D3 /* PopoverAnimator.swift */,
			);
			path = Popover;
			sourceTree = "<group>";
		};
		04D55E4D1DE564FE006113EC = {
			isa = PBXGroup;
			children = (
				04D55E581DE564FE006113EC /* WBSwift */,
				04D55E571DE564FE006113EC /* Products */,
				C7562AD85CE74A7DE90D2FB6 /* Pods */,
				22A2445C5C70DC0F3B39FA69 /* Frameworks */,
			);
			sourceTree = "<group>";
		};
		04D55E571DE564FE006113EC /* Products */ = {
			isa = PBXGroup;
			children = (
				04D55E561DE564FE006113EC /* WBSwift.app */,
			);
			name = Products;
			sourceTree = "<group>";
		};
		04D55E581DE564FE006113EC /* WBSwift */ = {
			isa = PBXGroup;
			children = (
				04D55E6B1DE56630006113EC /* Classes */,
				04D55E591DE564FE006113EC /* AppDelegate.swift */,
				04D55E5D1DE564FE006113EC /* Main.storyboard */,
				04D55E601DE564FE006113EC /* Assets.xcassets */,
				04D55E651DE564FE006113EC /* Info.plist */,
			);
			path = WBSwift;
			sourceTree = "<group>";
		};
		04D55E6B1DE56630006113EC /* Classes */ = {
			isa = PBXGroup;
			children = (
				04D55E6E1DE56630006113EC /* Main */,
				04D55E6D1DE56630006113EC /* Home */,
				04D55E6F1DE56630006113EC /* Message */,
				0A6DFA821DEE997D00C4737F /* Compose */,
				04D55E6C1DE56630006113EC /* Discover */,
				04D55E701DE56630006113EC /* Profile */,
				04D55E7F1DE5ABE4006113EC /* Tools */,
			);
			path = Classes;
			sourceTree = "<group>";
		};
		04D55E6C1DE56630006113EC /* Discover */ = {
			isa = PBXGroup;
			children = (
				045A5E0B1DE5B9F400054F57 /* Discover.storyboard */,
				04D55E7B1DE599FE006113EC /* DiscoverViewController.swift */,
			);
			path = Discover;
			sourceTree = "<group>";
		};
		04D55E6D1DE56630006113EC /* Home */ = {
			isa = PBXGroup;
			children = (
				0AEB45211DEC390700F681BC /* View */,
				0AEB45161DEC0DD500F681BC /* HomeModel */,
				0494C5281DE696B600305213 /* Popover */,
				045A5E071DE5B9DB00054F57 /* Home.storyboard */,
				043D8DC51DE5E489004E7899 /* HomeViewController.swift */,
			);
			path = Home;
			sourceTree = "<group>";
		};
		04D55E6E1DE56630006113EC /* Main */ = {
			isa = PBXGroup;
			children = (
				0AEB45291DEC399C00F681BC /* Model */,
				0AEB452B1DEC399C00F681BC /* View */,
				0AEB45241DEC399400F681BC /* Controller */,
				0A8986EB1DEBC24800A0F46C /* Welcome */,
				043D8DC01DE5E1B4004E7899 /* Vistor */,
				0A2C89681DEAF46400A58C90 /* OAuth */,
			);
			path = Main;
			sourceTree = "<group>";
		};
		04D55E6F1DE56630006113EC /* Message */ = {
			isa = PBXGroup;
			children = (
				045A5E091DE5B9EA00054F57 /* Message.storyboard */,
				04D55E791DE599F1006113EC /* MessageViewController.swift */,
			);
			path = Message;
			sourceTree = "<group>";
		};
		04D55E701DE56630006113EC /* Profile */ = {
			isa = PBXGroup;
			children = (
				045A5E0D1DE5B9FE00054F57 /* Profile.storyboard */,
				04D55E7D1DE59A09006113EC /* ProfileViewController.swift */,
			);
			path = Profile;
			sourceTree = "<group>";
		};
		04D55E7F1DE5ABE4006113EC /* Tools */ = {
			isa = PBXGroup;
			children = (
				04D55E801DE5ABE4006113EC /* Category */,
				0494C5261DE6931F00305213 /* TitleViewButton.swift */,
				0A2C89661DEAEA6B00A58C90 /* NetworkTools.swift */,
				0A2C896D1DEAF83100A58C90 /* Common.swift */,
			);
			path = Tools;
			sourceTree = "<group>";
		};
		04D55E801DE5ABE4006113EC /* Category */ = {
			isa = PBXGroup;
			children = (
				04D55E901DE5B157006113EC /* UIButton-Extension.swift */,
				0494C5241DE68F0A00305213 /* UIBarButtonItem-Extension.swift */,
				0AEB451B1DEC1AF100F681BC /* NSDate-Extension.swift */,
			);
			path = Category;
			sourceTree = "<group>";
		};
		0A2C89681DEAF46400A58C90 /* OAuth */ = {
			isa = PBXGroup;
			children = (
				0A8986E11DEB521C00A0F46C /* Controller */,
				0A8986E41DEB521C00A0F46C /* Model */,
			);
			path = OAuth;
			sourceTree = "<group>";
		};
		0A4EDF341DF66E9F00CE1BD7 /* Emoticon */ = {
			isa = PBXGroup;
			children = (
				0A4EDF351DF66E9F00CE1BD7 /* EmoticonAttachment.swift */,
				0A4EDF361DF66E9F00CE1BD7 /* EmoticonCell.swift */,
				0A4EDF371DF66E9F00CE1BD7 /* EmoticonController.swift */,
				0A4EDF3E1DF66E9F00CE1BD7 /* UITextView-Extension.swift */,
				0A4EDF381DF66E9F00CE1BD7 /* Model */,
				0A4EDF3C1DF66E9F00CE1BD7 /* Source */,
			);
			path = Emoticon;
			sourceTree = "<group>";
		};
		0A4EDF381DF66E9F00CE1BD7 /* Model */ = {
			isa = PBXGroup;
			children = (
				0A4EDF7D1DF6D98D00CE1BD7 /* FindEmoticon.swift */,
				0A4EDF391DF66E9F00CE1BD7 /* Emoticon.swift */,
				0A4EDF3A1DF66E9F00CE1BD7 /* EmoticonManager.swift */,
				0A4EDF3B1DF66E9F00CE1BD7 /* EmoticonPackage.swift */,
			);
			path = Model;
			sourceTree = "<group>";
		};
		0A4EDF3C1DF66E9F00CE1BD7 /* Source */ = {
			isa = PBXGroup;
			children = (
				0A4EDF3D1DF66E9F00CE1BD7 /* Emoticons.bundle */,
			);
			path = Source;
			sourceTree = "<group>";
		};
		0A6DFA821DEE997D00C4737F /* Compose */ = {
			isa = PBXGroup;
			children = (
				0A4EDF341DF66E9F00CE1BD7 /* Emoticon */,
				0A6DFA871DEE99FF00C4737F /* Controller */,
				0A6DFA881DEE99FF00C4737F /* View */,
				0A6DFA841DEE99E900C4737F /* ComposeViewController.xib */,
				0A6DFA831DEE99E900C4737F /* ComposeViewController.swift */,
			);
			path = Compose;
			sourceTree = "<group>";
		};
		0A6DFA871DEE99FF00C4737F /* Controller */ = {
			isa = PBXGroup;
			children = (
			);
			path = Controller;
			sourceTree = "<group>";
		};
		0A6DFA881DEE99FF00C4737F /* View */ = {
			isa = PBXGroup;
			children = (
				0A6DFA891DEE9A7400C4737F /* ComposeTitleView.swift */,
				0A6DFA8B1DEEA0F500C4737F /* ComposeTextView.swift */,
				0A6DFA8D1DEED9CB00C4737F /* PicPickerCollectionView.swift */,
				0A6DFA8F1DEEDDAB00C4737F /* PicPickerCell.swift */,
				0A6DFA901DEEDDAB00C4737F /* PicPickerCell.xib */,
			);
			path = View;
			sourceTree = "<group>";
		};
		0A8986E11DEB521C00A0F46C /* Controller */ = {
			isa = PBXGroup;
			children = (
				0A8986E31DEB521C00A0F46C /* OAuthViewController.xib */,
				0A8986E21DEB521C00A0F46C /* OAuthViewController.swift */,
			);
			path = Controller;
			sourceTree = "<group>";
		};
		0A8986E41DEB521C00A0F46C /* Model */ = {
			isa = PBXGroup;
			children = (
				0A8986E71DEB527000A0F46C /* UserAccount.swift */,
				0A8986E91DEB57B600A0F46C /* UserAccountViewModel.swift */,
			);
			path = Model;
			sourceTree = "<group>";
		};
		0A8986EB1DEBC24800A0F46C /* Welcome */ = {
			isa = PBXGroup;
			children = (
				0A8986ED1DEBC27F00A0F46C /* WelcomeViewController.xib */,
				0A8986EC1DEBC27F00A0F46C /* WelcomeViewController.swift */,
			);
			name = Welcome;
			path = Vistor/Welcome;
			sourceTree = "<group>";
		};
		0AEB45161DEC0DD500F681BC /* HomeModel */ = {
			isa = PBXGroup;
			children = (
				0AEB45171DEC0DE900F681BC /* Status.swift */,
				0AEB451D1DEC241200F681BC /* User.swift */,
				0AEB451F1DEC2F4600F681BC /* StatusViewModel.swift */,
			);
			path = HomeModel;
			sourceTree = "<group>";
		};
		0AEB45211DEC390700F681BC /* View */ = {
			isa = PBXGroup;
			children = (
				0AEB45221DEC393700F681BC /* HomeViewCell.swift */,
				0AE6CE251DECA8F90072E1C4 /* PicCollectionView.swift */,
			);
			path = View;
			sourceTree = "<group>";
		};
		0AEB45241DEC399400F681BC /* Controller */ = {
			isa = PBXGroup;
			children = (
				04D55E711DE598E8006113EC /* MainViewController.swift */,
				0AEB45251DEC399400F681BC /* BaseTableViewController.swift */,
				0AEB45261DEC399400F681BC /* BaseViewController.swift */,
			);
			path = Controller;
			sourceTree = "<group>";
		};
		0AEB45291DEC399C00F681BC /* Model */ = {
			isa = PBXGroup;
			children = (
				0AEB452A1DEC399C00F681BC /* BaseModel.swift */,
			);
			path = Model;
			sourceTree = "<group>";
		};
		0AEB452B1DEC399C00F681BC /* View */ = {
			isa = PBXGroup;
			children = (
				0AEB452C1DEC399C00F681BC /* Null.storyboard */,
				0AEB452F1DEC39CC00F681BC /* BaseTableViewCell.swift */,
			);
			path = View;
			sourceTree = "<group>";
		};
		22A2445C5C70DC0F3B39FA69 /* Frameworks */ = {
			isa = PBXGroup;
			children = (
				84D8A3F8E6F56CCDB82FAC19 /* Pods_WBSwift.framework */,
			);
			name = Frameworks;
			sourceTree = "<group>";
		};
		C7562AD85CE74A7DE90D2FB6 /* Pods */ = {
			isa = PBXGroup;
			children = (
				BA15B834A4A4A1B2C6108324 /* Pods-WBSwift.debug.xcconfig */,
				0638D1D6FA9DF1E7BF61D89E /* Pods-WBSwift.release.xcconfig */,
			);
			name = Pods;
			sourceTree = "<group>";
		};
/* End PBXGroup section */

/* Begin PBXNativeTarget section */
		04D55E551DE564FE006113EC /* WBSwift */ = {
			isa = PBXNativeTarget;
			buildConfigurationList = 04D55E681DE564FE006113EC /* Build configuration list for PBXNativeTarget "WBSwift" */;
			buildPhases = (
				118B00DFA4A506EDBB6C93DD /* [CP] Check Pods Manifest.lock */,
				04D55E521DE564FE006113EC /* Sources */,
				04D55E531DE564FE006113EC /* Frameworks */,
				04D55E541DE564FE006113EC /* Resources */,
				1EE5CE14479F8CE6EAEB16FC /* [CP] Embed Pods Frameworks */,
				C31C78DA6E18756AE588C110 /* [CP] Copy Pods Resources */,
			);
			buildRules = (
			);
			dependencies = (
			);
			name = WBSwift;
			productName = WBSwift;
			productReference = 04D55E561DE564FE006113EC /* WBSwift.app */;
			productType = "com.apple.product-type.application";
		};
/* End PBXNativeTarget section */

/* Begin PBXProject section */
		04D55E4E1DE564FE006113EC /* Project object */ = {
			isa = PBXProject;
			attributes = {
				LastSwiftUpdateCheck = 0730;
				LastUpgradeCheck = 0730;
				ORGANIZATIONNAME = kevin;
				TargetAttributes = {
					04D55E551DE564FE006113EC = {
						CreatedOnToolsVersion = 7.3.1;
					};
				};
			};
			buildConfigurationList = 04D55E511DE564FE006113EC /* Build configuration list for PBXProject "WBSwift" */;
			compatibilityVersion = "Xcode 3.2";
			developmentRegion = English;
			hasScannedForEncodings = 0;
			knownRegions = (
				en,
				Base,
			);
			mainGroup = 04D55E4D1DE564FE006113EC;
			productRefGroup = 04D55E571DE564FE006113EC /* Products */;
			projectDirPath = "";
			projectRoot = "";
			targets = (
				04D55E551DE564FE006113EC /* WBSwift */,
			);
		};
/* End PBXProject section */

/* Begin PBXResourcesBuildPhase section */
		04D55E541DE564FE006113EC /* Resources */ = {
			isa = PBXResourcesBuildPhase;
			buildActionMask = 2147483647;
			files = (
				045A5E081DE5B9DB00054F57 /* Home.storyboard in Resources */,
				045A5E0E1DE5B9FE00054F57 /* Profile.storyboard in Resources */,
				0494C52C1DE696D000305213 /* PopoverViewController.xib in Resources */,
				043D8DC41DE5E24A004E7899 /* VistorView.xib in Resources */,
				0AEB452E1DEC399C00F681BC /* Null.storyboard in Resources */,
				0A8986EF1DEBC27F00A0F46C /* WelcomeViewController.xib in Resources */,
				0A8986E61DEB521C00A0F46C /* OAuthViewController.xib in Resources */,
				0A6DFA861DEE99E900C4737F /* ComposeViewController.xib in Resources */,
				04D55E611DE564FE006113EC /* Assets.xcassets in Resources */,
				045A5E0A1DE5B9EA00054F57 /* Message.storyboard in Resources */,
				045A5E0C1DE5B9F400054F57 /* Discover.storyboard in Resources */,
				0A6DFA921DEEDDAB00C4737F /* PicPickerCell.xib in Resources */,
				04D55E5F1DE564FE006113EC /* Main.storyboard in Resources */,
				0A4EDF451DF66E9F00CE1BD7 /* Emoticons.bundle in Resources */,
			);
			runOnlyForDeploymentPostprocessing = 0;
		};
/* End PBXResourcesBuildPhase section */

/* Begin PBXShellScriptBuildPhase section */
		118B00DFA4A506EDBB6C93DD /* [CP] Check Pods Manifest.lock */ = {
			isa = PBXShellScriptBuildPhase;
			buildActionMask = 2147483647;
			files = (
			);
			inputPaths = (
			);
			name = "[CP] Check Pods Manifest.lock";
			outputPaths = (
			);
			runOnlyForDeploymentPostprocessing = 0;
			shellPath = /bin/sh;
			shellScript = "diff \"${PODS_ROOT}/../Podfile.lock\" \"${PODS_ROOT}/Manifest.lock\" > /dev/null\nif [ $? != 0 ] ; then\n    # print error to STDERR\n    echo \"error: The sandbox is not in sync with the Podfile.lock. Run 'pod install' or update your CocoaPods installation.\" >&2\n    exit 1\nfi\n";
			showEnvVarsInLog = 0;
		};
		1EE5CE14479F8CE6EAEB16FC /* [CP] Embed Pods Frameworks */ = {
			isa = PBXShellScriptBuildPhase;
			buildActionMask = 2147483647;
			files = (
			);
			inputPaths = (
			);
			name = "[CP] Embed Pods Frameworks";
			outputPaths = (
			);
			runOnlyForDeploymentPostprocessing = 0;
			shellPath = /bin/sh;
			shellScript = "\"${SRCROOT}/Pods/Target Support Files/Pods-WBSwift/Pods-WBSwift-frameworks.sh\"\n";
			showEnvVarsInLog = 0;
		};
		C31C78DA6E18756AE588C110 /* [CP] Copy Pods Resources */ = {
			isa = PBXShellScriptBuildPhase;
			buildActionMask = 2147483647;
			files = (
			);
			inputPaths = (
			);
			name = "[CP] Copy Pods Resources";
			outputPaths = (
			);
			runOnlyForDeploymentPostprocessing = 0;
			shellPath = /bin/sh;
			shellScript = "\"${SRCROOT}/Pods/Target Support Files/Pods-WBSwift/Pods-WBSwift-resources.sh\"\n";
			showEnvVarsInLog = 0;
		};
/* End PBXShellScriptBuildPhase section */

/* Begin PBXSourcesBuildPhase section */
		04D55E521DE564FE006113EC /* Sources */ = {
			isa = PBXSourcesBuildPhase;
			buildActionMask = 2147483647;
			files = (
				0A4EDF431DF66E9F00CE1BD7 /* EmoticonManager.swift in Sources */,
				0A4EDF3F1DF66E9F00CE1BD7 /* EmoticonAttachment.swift in Sources */,
				0A4EDF7E1DF6D98D00CE1BD7 /* FindEmoticon.swift in Sources */,
				0A4EDF441DF66E9F00CE1BD7 /* EmoticonPackage.swift in Sources */,
				0AEB45201DEC2F4600F681BC /* StatusViewModel.swift in Sources */,
				0494C5271DE6931F00305213 /* TitleViewButton.swift in Sources */,
				0A4EDF401DF66E9F00CE1BD7 /* EmoticonCell.swift in Sources */,
				0494C52B1DE696D000305213 /* PopoverViewController.swift in Sources */,
				0AEB451E1DEC241200F681BC /* User.swift in Sources */,
				0A6DFA911DEEDDAB00C4737F /* PicPickerCell.swift in Sources */,
				0A4EDF411DF66E9F00CE1BD7 /* EmoticonController.swift in Sources */,
				0AEB45301DEC39CC00F681BC /* BaseTableViewCell.swift in Sources */,
				0A2C896E1DEAF83100A58C90 /* Common.swift in Sources */,
				0A6DFA8C1DEEA0F500C4737F /* ComposeTextView.swift in Sources */,
				04D55E911DE5B157006113EC /* UIButton-Extension.swift in Sources */,
				0A8986EA1DEB57B600A0F46C /* UserAccountViewModel.swift in Sources */,
				0AEB45231DEC393700F681BC /* HomeViewCell.swift in Sources */,
				0A8986EE1DEBC27F00A0F46C /* WelcomeViewController.swift in Sources */,
				0AEB45271DEC399400F681BC /* BaseTableViewController.swift in Sources */,
				0A8986E81DEB527000A0F46C /* UserAccount.swift in Sources */,
				0494C5251DE68F0A00305213 /* UIBarButtonItem-Extension.swift in Sources */,
				04D55E7C1DE599FE006113EC /* DiscoverViewController.swift in Sources */,
				0AEB451C1DEC1AF100F681BC /* NSDate-Extension.swift in Sources */,
				0A6DFA851DEE99E900C4737F /* ComposeViewController.swift in Sources */,
				046DE8551DE7D12B00E829D3 /* LYPresentationController.swift in Sources */,
				0A4EDF461DF66E9F00CE1BD7 /* UITextView-Extension.swift in Sources */,
				0AE6CE261DECA8F90072E1C4 /* PicCollectionView.swift in Sources */,
				0A2C89671DEAEA6B00A58C90 /* NetworkTools.swift in Sources */,
				04D55E5A1DE564FE006113EC /* AppDelegate.swift in Sources */,
				0A8986E51DEB521C00A0F46C /* OAuthViewController.swift in Sources */,
				0AEB45181DEC0DE900F681BC /* Status.swift in Sources */,
				043D8DC61DE5E489004E7899 /* HomeViewController.swift in Sources */,
				0A6DFA8E1DEED9CB00C4737F /* PicPickerCollectionView.swift in Sources */,
				046DE8571DE7E26700E829D3 /* PopoverAnimator.swift in Sources */,
				04D55E7A1DE599F1006113EC /* MessageViewController.swift in Sources */,
				0AEB452D1DEC399C00F681BC /* BaseModel.swift in Sources */,
				043D8DC21DE5E235004E7899 /* VistorView.swift in Sources */,
				04D55E7E1DE59A09006113EC /* ProfileViewController.swift in Sources */,
				04D55E721DE598E8006113EC /* MainViewController.swift in Sources */,
				0A4EDF421DF66E9F00CE1BD7 /* Emoticon.swift in Sources */,
				0A6DFA8A1DEE9A7400C4737F /* ComposeTitleView.swift in Sources */,
				0AEB45281DEC399400F681BC /* BaseViewController.swift in Sources */,
			);
			runOnlyForDeploymentPostprocessing = 0;
		};
/* End PBXSourcesBuildPhase section */

/* Begin PBXVariantGroup section */
		04D55E5D1DE564FE006113EC /* Main.storyboard */ = {
			isa = PBXVariantGroup;
			children = (
				04D55E5E1DE564FE006113EC /* Base */,
			);
			name = Main.storyboard;
			sourceTree = "<group>";
		};
/* End PBXVariantGroup section */

/* Begin XCBuildConfiguration section */
		04D55E661DE564FE006113EC /* Debug */ = {
			isa = XCBuildConfiguration;
			buildSettings = {
				ALWAYS_SEARCH_USER_PATHS = NO;
				CLANG_ANALYZER_NONNULL = YES;
				CLANG_CXX_LANGUAGE_STANDARD = "gnu++0x";
				CLANG_CXX_LIBRARY = "libc++";
				CLANG_ENABLE_MODULES = YES;
				CLANG_ENABLE_OBJC_ARC = YES;
				CLANG_WARN_BOOL_CONVERSION = YES;
				CLANG_WARN_CONSTANT_CONVERSION = YES;
				CLANG_WARN_DIRECT_OBJC_ISA_USAGE = YES_ERROR;
				CLANG_WARN_EMPTY_BODY = YES;
				CLANG_WARN_ENUM_CONVERSION = YES;
				CLANG_WARN_INT_CONVERSION = YES;
				CLANG_WARN_OBJC_ROOT_CLASS = YES_ERROR;
				CLANG_WARN_UNREACHABLE_CODE = YES;
				CLANG_WARN__DUPLICATE_METHOD_MATCH = YES;
				"CODE_SIGN_IDENTITY[sdk=iphoneos*]" = "iPhone Developer";
				COPY_PHASE_STRIP = NO;
				DEBUG_INFORMATION_FORMAT = dwarf;
				ENABLE_STRICT_OBJC_MSGSEND = YES;
				ENABLE_TESTABILITY = YES;
				GCC_C_LANGUAGE_STANDARD = gnu99;
				GCC_DYNAMIC_NO_PIC = NO;
				GCC_NO_COMMON_BLOCKS = YES;
				GCC_OPTIMIZATION_LEVEL = 0;
				GCC_PREPROCESSOR_DEFINITIONS = (
					"DEBUG=1",
					"$(inherited)",
				);
				GCC_WARN_64_TO_32_BIT_CONVERSION = YES;
				GCC_WARN_ABOUT_RETURN_TYPE = YES_ERROR;
				GCC_WARN_UNDECLARED_SELECTOR = YES;
				GCC_WARN_UNINITIALIZED_AUTOS = YES_AGGRESSIVE;
				GCC_WARN_UNUSED_FUNCTION = YES;
				GCC_WARN_UNUSED_VARIABLE = YES;
				IPHONEOS_DEPLOYMENT_TARGET = 9.3;
				MTL_ENABLE_DEBUG_INFO = YES;
				ONLY_ACTIVE_ARCH = YES;
				SDKROOT = iphoneos;
				SWIFT_OPTIMIZATION_LEVEL = "-Onone";
			};
			name = Debug;
		};
		04D55E671DE564FE006113EC /* Release */ = {
			isa = XCBuildConfiguration;
			buildSettings = {
				ALWAYS_SEARCH_USER_PATHS = NO;
				CLANG_ANALYZER_NONNULL = YES;
				CLANG_CXX_LANGUAGE_STANDARD = "gnu++0x";
				CLANG_CXX_LIBRARY = "libc++";
				CLANG_ENABLE_MODULES = YES;
				CLANG_ENABLE_OBJC_ARC = YES;
				CLANG_WARN_BOOL_CONVERSION = YES;
				CLANG_WARN_CONSTANT_CONVERSION = YES;
				CLANG_WARN_DIRECT_OBJC_ISA_USAGE = YES_ERROR;
				CLANG_WARN_EMPTY_BODY = YES;
				CLANG_WARN_ENUM_CONVERSION = YES;
				CLANG_WARN_INT_CONVERSION = YES;
				CLANG_WARN_OBJC_ROOT_CLASS = YES_ERROR;
				CLANG_WARN_UNREACHABLE_CODE = YES;
				CLANG_WARN__DUPLICATE_METHOD_MATCH = YES;
				"CODE_SIGN_IDENTITY[sdk=iphoneos*]" = "iPhone Developer";
				COPY_PHASE_STRIP = NO;
				DEBUG_INFORMATION_FORMAT = "dwarf-with-dsym";
				ENABLE_NS_ASSERTIONS = NO;
				ENABLE_STRICT_OBJC_MSGSEND = YES;
				GCC_C_LANGUAGE_STANDARD = gnu99;
				GCC_NO_COMMON_BLOCKS = YES;
				GCC_WARN_64_TO_32_BIT_CONVERSION = YES;
				GCC_WARN_ABOUT_RETURN_TYPE = YES_ERROR;
				GCC_WARN_UNDECLARED_SELECTOR = YES;
				GCC_WARN_UNINITIALIZED_AUTOS = YES_AGGRESSIVE;
				GCC_WARN_UNUSED_FUNCTION = YES;
				GCC_WARN_UNUSED_VARIABLE = YES;
				IPHONEOS_DEPLOYMENT_TARGET = 9.3;
				MTL_ENABLE_DEBUG_INFO = NO;
				SDKROOT = iphoneos;
				VALIDATE_PRODUCT = YES;
			};
			name = Release;
		};
		04D55E691DE564FE006113EC /* Debug */ = {
			isa = XCBuildConfiguration;
			baseConfigurationReference = BA15B834A4A4A1B2C6108324 /* Pods-WBSwift.debug.xcconfig */;
			buildSettings = {
				ASSETCATALOG_COMPILER_APPICON_NAME = AppIcon;
				ASSETCATALOG_COMPILER_LAUNCHIMAGE_NAME = "Brand Assets";
				INFOPLIST_FILE = WBSwift/Info.plist;
				IPHONEOS_DEPLOYMENT_TARGET = 9.0;
				LD_RUNPATH_SEARCH_PATHS = "$(inherited) @executable_path/Frameworks";
				PRODUCT_BUNDLE_IDENTIFIER = cn.kevin.WBSwift;
				PRODUCT_NAME = "$(TARGET_NAME)";
			};
			name = Debug;
		};
		04D55E6A1DE564FE006113EC /* Release */ = {
			isa = XCBuildConfiguration;
			baseConfigurationReference = 0638D1D6FA9DF1E7BF61D89E /* Pods-WBSwift.release.xcconfig */;
			buildSettings = {
				ASSETCATALOG_COMPILER_APPICON_NAME = AppIcon;
				ASSETCATALOG_COMPILER_LAUNCHIMAGE_NAME = "Brand Assets";
				INFOPLIST_FILE = WBSwift/Info.plist;
				IPHONEOS_DEPLOYMENT_TARGET = 9.0;
				LD_RUNPATH_SEARCH_PATHS = "$(inherited) @executable_path/Frameworks";
				PRODUCT_BUNDLE_IDENTIFIER = cn.kevin.WBSwift;
				PRODUCT_NAME = "$(TARGET_NAME)";
			};
			name = Release;
		};
/* End XCBuildConfiguration section */

/* Begin XCConfigurationList section */
		04D55E511DE564FE006113EC /* Build configuration list for PBXProject "WBSwift" */ = {
			isa = XCConfigurationList;
			buildConfigurations = (
				04D55E661DE564FE006113EC /* Debug */,
				04D55E671DE564FE006113EC /* Release */,
			);
			defaultConfigurationIsVisible = 0;
			defaultConfigurationName = Release;
		};
		04D55E681DE564FE006113EC /* Build configuration list for PBXNativeTarget "WBSwift" */ = {
			isa = XCConfigurationList;
			buildConfigurations = (
				04D55E691DE564FE006113EC /* Debug */,
				04D55E6A1DE564FE006113EC /* Release */,
			);
			defaultConfigurationIsVisible = 0;
			defaultConfigurationName = Release;
		};
/* End XCConfigurationList section */
	};
	rootObject = 04D55E4E1DE564FE006113EC /* Project object */;
}
