// !$*UTF8*$!
{
	archiveVersion = 1;
	classes = {
	};
	objectVersion = 46;
	objects = {

/* Begin PBXBuildFile section */
		043D8DBF1DE5DA7B004E7899 /* BaseTableViewController.swift in Sources */ = {isa = PBXBuildFile; fileRef = 043D8DBE1DE5DA7B004E7899 /* BaseTableViewController.swift */; };
		043D8DC21DE5E235004E7899 /* VistorView.swift in Sources */ = {isa = PBXBuildFile; fileRef = 043D8DC11DE5E235004E7899 /* VistorView.swift */; };
		043D8DC41DE5E24A004E7899 /* VistorView.xib in Resources */ = {isa = PBXBuildFile; fileRef = 043D8DC31DE5E24A004E7899 /* VistorView.xib */; };
		043D8DC61DE5E489004E7899 /* HomeViewController.swift in Sources */ = {isa = PBXBuildFile; fileRef = 043D8DC51DE5E489004E7899 /* HomeViewController.swift */; };
		045A5E061DE5B9CA00054F57 /* Null.storyboard in Resources */ = {isa = PBXBuildFile; fileRef = 045A5E051DE5B9CA00054F57 /* Null.storyboard */; };
		045A5E081DE5B9DB00054F57 /* Home.storyboard in Resources */ = {isa = PBXBuildFile; fileRef = 045A5E071DE5B9DB00054F57 /* Home.storyboard */; };
		045A5E0A1DE5B9EA00054F57 /* Message.storyboard in Resources */ = {isa = PBXBuildFile; fileRef = 045A5E091DE5B9EA00054F57 /* Message.storyboard */; };
		045A5E0C1DE5B9F400054F57 /* Discover.storyboard in Resources */ = {isa = PBXBuildFile; fileRef = 045A5E0B1DE5B9F400054F57 /* Discover.storyboard */; };
		045A5E0E1DE5B9FE00054F57 /* Profile.storyboard in Resources */ = {isa = PBXBuildFile; fileRef = 045A5E0D1DE5B9FE00054F57 /* Profile.storyboard */; };
		046DE8551DE7D12B00E829D3 /* LYPresentationController.swift in Sources */ = {isa = PBXBuildFile; fileRef = 046DE8541DE7D12B00E829D3 /* LYPresentationController.swift */; };
		046DE8571DE7E26700E829D3 /* PopoverAnimator.swift in Sources */ = {isa = PBXBuildFile; fileRef = 046DE8561DE7E26700E829D3 /* PopoverAnimator.swift */; };
		0494C5251DE68F0A00305213 /* UIBarButtonItem-Extension.swift in Sources */ = {isa = PBXBuildFile; fileRef = 0494C5241DE68F0A00305213 /* UIBarButtonItem-Extension.swift */; };
		0494C5271DE6931F00305213 /* TitleViewButton.swift in Sources */ = {isa = PBXBuildFile; fileRef = 0494C5261DE6931F00305213 /* TitleViewButton.swift */; };
		0494C52B1DE696D000305213 /* PopoverViewController.swift in Sources */ = {isa = PBXBuildFile; fileRef = 0494C5291DE696D000305213 /* PopoverViewController.swift */; };
		0494C52C1DE696D000305213 /* PopoverViewController.xib in Resources */ = {isa = PBXBuildFile; fileRef = 0494C52A1DE696D000305213 /* PopoverViewController.xib */; };
		04D55E5A1DE564FE006113EC /* AppDelegate.swift in Sources */ = {isa = PBXBuildFile; fileRef = 04D55E591DE564FE006113EC /* AppDelegate.swift */; };
		04D55E5F1DE564FE006113EC /* Main.storyboard in Resources */ = {isa = PBXBuildFile; fileRef = 04D55E5D1DE564FE006113EC /* Main.storyboard */; };
		04D55E611DE564FE006113EC /* Assets.xcassets in Resources */ = {isa = PBXBuildFile; fileRef = 04D55E601DE564FE006113EC /* Assets.xcassets */; };
		04D55E721DE598E8006113EC /* MainViewController.swift in Sources */ = {isa = PBXBuildFile; fileRef = 04D55E711DE598E8006113EC /* MainViewController.swift */; };
		04D55E761DE5998F006113EC /* BaseViewController.swift in Sources */ = {isa = PBXBuildFile; fileRef = 04D55E751DE5998F006113EC /* BaseViewController.swift */; };
		04D55E7A1DE599F1006113EC /* MessageViewController.swift in Sources */ = {isa = PBXBuildFile; fileRef = 04D55E791DE599F1006113EC /* MessageViewController.swift */; };
		04D55E7C1DE599FE006113EC /* DiscoverViewController.swift in Sources */ = {isa = PBXBuildFile; fileRef = 04D55E7B1DE599FE006113EC /* DiscoverViewController.swift */; };
		04D55E7E1DE59A09006113EC /* ProfileViewController.swift in Sources */ = {isa = PBXBuildFile; fileRef = 04D55E7D1DE59A09006113EC /* ProfileViewController.swift */; };
		04D55E911DE5B157006113EC /* UIButton-Extension.swift in Sources */ = {isa = PBXBuildFile; fileRef = 04D55E901DE5B157006113EC /* UIButton-Extension.swift */; };
/* End PBXBuildFile section */

/* Begin PBXFileReference section */
		043D8DBE1DE5DA7B004E7899 /* BaseTableViewController.swift */ = {isa = PBXFileReference; fileEncoding = 4; lastKnownFileType = sourcecode.swift; path = BaseTableViewController.swift; sourceTree = "<group>"; };
		043D8DC11DE5E235004E7899 /* VistorView.swift */ = {isa = PBXFileReference; fileEncoding = 4; lastKnownFileType = sourcecode.swift; path = VistorView.swift; sourceTree = "<group>"; };
		043D8DC31DE5E24A004E7899 /* VistorView.xib */ = {isa = PBXFileReference; fileEncoding = 4; lastKnownFileType = file.xib; path = VistorView.xib; sourceTree = "<group>"; };
		043D8DC51DE5E489004E7899 /* HomeViewController.swift */ = {isa = PBXFileReference; fileEncoding = 4; lastKnownFileType = sourcecode.swift; path = HomeViewController.swift; sourceTree = "<group>"; };
		045A5E051DE5B9CA00054F57 /* Null.storyboard */ = {isa = PBXFileReference; fileEncoding = 4; lastKnownFileType = file.storyboard; path = Null.storyboard; sourceTree = "<group>"; };
		045A5E071DE5B9DB00054F57 /* Home.storyboard */ = {isa = PBXFileReference; fileEncoding = 4; lastKnownFileType = file.storyboard; path = Home.storyboard; sourceTree = "<group>"; };
		045A5E091DE5B9EA00054F57 /* Message.storyboard */ = {isa = PBXFileReference; fileEncoding = 4; lastKnownFileType = file.storyboard; path = Message.storyboard; sourceTree = "<group>"; };
		045A5E0B1DE5B9F400054F57 /* Discover.storyboard */ = {isa = PBXFileReference; fileEncoding = 4; lastKnownFileType = file.storyboard; path = Discover.storyboard; sourceTree = "<group>"; };
		045A5E0D1DE5B9FE00054F57 /* Profile.storyboard */ = {isa = PBXFileReference; fileEncoding = 4; lastKnownFileType = file.storyboard; path = Profile.storyboard; sourceTree = "<group>"; };
		046DE8541DE7D12B00E829D3 /* LYPresentationController.swift */ = {isa = PBXFileReference; fileEncoding = 4; lastKnownFileType = sourcecode.swift; path = LYPresentationController.swift; sourceTree = "<group>"; };
		046DE8561DE7E26700E829D3 /* PopoverAnimator.swift */ = {isa = PBXFileReference; fileEncoding = 4; lastKnownFileType = sourcecode.swift; path = PopoverAnimator.swift; sourceTree = "<group>"; };
		0494C5241DE68F0A00305213 /* UIBarButtonItem-Extension.swift */ = {isa = PBXFileReference; fileEncoding = 4; lastKnownFileType = sourcecode.swift; path = "UIBarButtonItem-Extension.swift"; sourceTree = "<group>"; };
		0494C5261DE6931F00305213 /* TitleViewButton.swift */ = {isa = PBXFileReference; fileEncoding = 4; lastKnownFileType = sourcecode.swift; path = TitleViewButton.swift; sourceTree = "<group>"; };
		0494C5291DE696D000305213 /* PopoverViewController.swift */ = {isa = PBXFileReference; fileEncoding = 4; lastKnownFileType = sourcecode.swift; path = PopoverViewController.swift; sourceTree = "<group>"; };
		0494C52A1DE696D000305213 /* PopoverViewController.xib */ = {isa = PBXFileReference; fileEncoding = 4; lastKnownFileType = file.xib; path = PopoverViewController.xib; sourceTree = "<group>"; };
		04D55E561DE564FE006113EC /* WBSwift.app */ = {isa = PBXFileReference; explicitFileType = wrapper.application; includeInIndex = 0; path = WBSwift.app; sourceTree = BUILT_PRODUCTS_DIR; };
		04D55E591DE564FE006113EC /* AppDelegate.swift */ = {isa = PBXFileReference; lastKnownFileType = sourcecode.swift; path = AppDelegate.swift; sourceTree = "<group>"; };
		04D55E5E1DE564FE006113EC /* Base */ = {isa = PBXFileReference; lastKnownFileType = file.storyboard; name = Base; path = Base.lproj/Main.storyboard; sourceTree = "<group>"; };
		04D55E601DE564FE006113EC /* Assets.xcassets */ = {isa = PBXFileReference; lastKnownFileType = folder.assetcatalog; path = Assets.xcassets; sourceTree = "<group>"; };
		04D55E651DE564FE006113EC /* Info.plist */ = {isa = PBXFileReference; lastKnownFileType = text.plist.xml; path = Info.plist; sourceTree = "<group>"; };
		04D55E711DE598E8006113EC /* MainViewController.swift */ = {isa = PBXFileReference; fileEncoding = 4; lastKnownFileType = sourcecode.swift; path = MainViewController.swift; sourceTree = "<group>"; };
		04D55E751DE5998F006113EC /* BaseViewController.swift */ = {isa = PBXFileReference; fileEncoding = 4; lastKnownFileType = sourcecode.swift; path = BaseViewController.swift; sourceTree = "<group>"; };
		04D55E791DE599F1006113EC /* MessageViewController.swift */ = {isa = PBXFileReference; fileEncoding = 4; lastKnownFileType = sourcecode.swift; path = MessageViewController.swift; sourceTree = "<group>"; };
		04D55E7B1DE599FE006113EC /* DiscoverViewController.swift */ = {isa = PBXFileReference; fileEncoding = 4; lastKnownFileType = sourcecode.swift; path = DiscoverViewController.swift; sourceTree = "<group>"; };
		04D55E7D1DE59A09006113EC /* ProfileViewController.swift */ = {isa = PBXFileReference; fileEncoding = 4; lastKnownFileType = sourcecode.swift; path = ProfileViewController.swift; sourceTree = "<group>"; };
		04D55E901DE5B157006113EC /* UIButton-Extension.swift */ = {isa = PBXFileReference; fileEncoding = 4; lastKnownFileType = sourcecode.swift; path = "UIButton-Extension.swift"; sourceTree = "<group>"; };
/* End PBXFileReference section */

/* Begin PBXFrameworksBuildPhase section */
		04D55E531DE564FE006113EC /* Frameworks */ = {
			isa = PBXFrameworksBuildPhase;
			buildActionMask = 2147483647;
			files = (
			);
			runOnlyForDeploymentPostprocessing = 0;
		};
/* End PBXFrameworksBuildPhase section */

/* Begin PBXGroup section */
		043D8DC01DE5E1B4004E7899 /* Vistor */ = {
			isa = PBXGroup;
			children = (
				043D8DC11DE5E235004E7899 /* VistorView.swift */,
				043D8DC31DE5E24A004E7899 /* VistorView.xib */,
			);
			path = Vistor;
			sourceTree = "<group>";
		};
		0494C5281DE696B600305213 /* Popover */ = {
			isa = PBXGroup;
			children = (
				0494C5291DE696D000305213 /* PopoverViewController.swift */,
				0494C52A1DE696D000305213 /* PopoverViewController.xib */,
				046DE8541DE7D12B00E829D3 /* LYPresentationController.swift */,
				046DE8561DE7E26700E829D3 /* PopoverAnimator.swift */,
			);
			path = Popover;
			sourceTree = "<group>";
		};
		04D55E4D1DE564FE006113EC = {
			isa = PBXGroup;
			children = (
				04D55E581DE564FE006113EC /* WBSwift */,
				04D55E571DE564FE006113EC /* Products */,
			);
			sourceTree = "<group>";
		};
		04D55E571DE564FE006113EC /* Products */ = {
			isa = PBXGroup;
			children = (
				04D55E561DE564FE006113EC /* WBSwift.app */,
			);
			name = Products;
			sourceTree = "<group>";
		};
		04D55E581DE564FE006113EC /* WBSwift */ = {
			isa = PBXGroup;
			children = (
				04D55E6B1DE56630006113EC /* Classes */,
				04D55E591DE564FE006113EC /* AppDelegate.swift */,
				04D55E5D1DE564FE006113EC /* Main.storyboard */,
				04D55E601DE564FE006113EC /* Assets.xcassets */,
				04D55E651DE564FE006113EC /* Info.plist */,
			);
			path = WBSwift;
			sourceTree = "<group>";
		};
		04D55E6B1DE56630006113EC /* Classes */ = {
			isa = PBXGroup;
			children = (
				04D55E6E1DE56630006113EC /* Main */,
				04D55E6D1DE56630006113EC /* Home */,
				04D55E6F1DE56630006113EC /* Message */,
				04D55E6C1DE56630006113EC /* Discover */,
				04D55E701DE56630006113EC /* Profile */,
				04D55E7F1DE5ABE4006113EC /* Tools */,
			);
			path = Classes;
			sourceTree = "<group>";
		};
		04D55E6C1DE56630006113EC /* Discover */ = {
			isa = PBXGroup;
			children = (
				045A5E0B1DE5B9F400054F57 /* Discover.storyboard */,
				04D55E7B1DE599FE006113EC /* DiscoverViewController.swift */,
			);
			path = Discover;
			sourceTree = "<group>";
		};
		04D55E6D1DE56630006113EC /* Home */ = {
			isa = PBXGroup;
			children = (
				0494C5281DE696B600305213 /* Popover */,
				045A5E071DE5B9DB00054F57 /* Home.storyboard */,
				043D8DC51DE5E489004E7899 /* HomeViewController.swift */,
			);
			path = Home;
			sourceTree = "<group>";
		};
		04D55E6E1DE56630006113EC /* Main */ = {
			isa = PBXGroup;
			children = (
				043D8DC01DE5E1B4004E7899 /* Vistor */,
				045A5E051DE5B9CA00054F57 /* Null.storyboard */,
				04D55E711DE598E8006113EC /* MainViewController.swift */,
				04D55E751DE5998F006113EC /* BaseViewController.swift */,
				043D8DBE1DE5DA7B004E7899 /* BaseTableViewController.swift */,
			);
			path = Main;
			sourceTree = "<group>";
		};
		04D55E6F1DE56630006113EC /* Message */ = {
			isa = PBXGroup;
			children = (
				045A5E091DE5B9EA00054F57 /* Message.storyboard */,
				04D55E791DE599F1006113EC /* MessageViewController.swift */,
			);
			path = Message;
			sourceTree = "<group>";
		};
		04D55E701DE56630006113EC /* Profile */ = {
			isa = PBXGroup;
			children = (
				045A5E0D1DE5B9FE00054F57 /* Profile.storyboard */,
				04D55E7D1DE59A09006113EC /* ProfileViewController.swift */,
			);
			path = Profile;
			sourceTree = "<group>";
		};
		04D55E7F1DE5ABE4006113EC /* Tools */ = {
			isa = PBXGroup;
			children = (
				04D55E801DE5ABE4006113EC /* Category */,
				0494C5261DE6931F00305213 /* TitleViewButton.swift */,
			);
			path = Tools;
			sourceTree = "<group>";
		};
		04D55E801DE5ABE4006113EC /* Category */ = {
			isa = PBXGroup;
			children = (
				04D55E901DE5B157006113EC /* UIButton-Extension.swift */,
				0494C5241DE68F0A00305213 /* UIBarButtonItem-Extension.swift */,
			);
			path = Category;
			sourceTree = "<group>";
		};
/* End PBXGroup section */

/* Begin PBXNativeTarget section */
		04D55E551DE564FE006113EC /* WBSwift */ = {
			isa = PBXNativeTarget;
			buildConfigurationList = 04D55E681DE564FE006113EC /* Build configuration list for PBXNativeTarget "WBSwift" */;
			buildPhases = (
				04D55E521DE564FE006113EC /* Sources */,
				04D55E531DE564FE006113EC /* Frameworks */,
				04D55E541DE564FE006113EC /* Resources */,
			);
			buildRules = (
			);
			dependencies = (
			);
			name = WBSwift;
			productName = WBSwift;
			productReference = 04D55E561DE564FE006113EC /* WBSwift.app */;
			productType = "com.apple.product-type.application";
		};
/* End PBXNativeTarget section */

/* Begin PBXProject section */
		04D55E4E1DE564FE006113EC /* Project object */ = {
			isa = PBXProject;
			attributes = {
				LastSwiftUpdateCheck = 0730;
				LastUpgradeCheck = 0730;
				ORGANIZATIONNAME = kevin;
				TargetAttributes = {
					04D55E551DE564FE006113EC = {
						CreatedOnToolsVersion = 7.3.1;
					};
				};
			};
			buildConfigurationList = 04D55E511DE564FE006113EC /* Build configuration list for PBXProject "WBSwift" */;
			compatibilityVersion = "Xcode 3.2";
			developmentRegion = English;
			hasScannedForEncodings = 0;
			knownRegions = (
				en,
				Base,
			);
			mainGroup = 04D55E4D1DE564FE006113EC;
			productRefGroup = 04D55E571DE564FE006113EC /* Products */;
			projectDirPath = "";
			projectRoot = "";
			targets = (
				04D55E551DE564FE006113EC /* WBSwift */,
			);
		};
/* End PBXProject section */

/* Begin PBXResourcesBuildPhase section */
		04D55E541DE564FE006113EC /* Resources */ = {
			isa = PBXResourcesBuildPhase;
			buildActionMask = 2147483647;
			files = (
				045A5E081DE5B9DB00054F57 /* Home.storyboard in Resources */,
				045A5E0E1DE5B9FE00054F57 /* Profile.storyboard in Resources */,
				0494C52C1DE696D000305213 /* PopoverViewController.xib in Resources */,
				045A5E061DE5B9CA00054F57 /* Null.storyboard in Resources */,
				043D8DC41DE5E24A004E7899 /* VistorView.xib in Resources */,
				04D55E611DE564FE006113EC /* Assets.xcassets in Resources */,
				045A5E0A1DE5B9EA00054F57 /* Message.storyboard in Resources */,
				045A5E0C1DE5B9F400054F57 /* Discover.storyboard in Resources */,
				04D55E5F1DE564FE006113EC /* Main.storyboard in Resources */,
			);
			runOnlyForDeploymentPostprocessing = 0;
		};
/* End PBXResourcesBuildPhase section */

/* Begin PBXSourcesBuildPhase section */
		04D55E521DE564FE006113EC /* Sources */ = {
			isa = PBXSourcesBuildPhase;
			buildActionMask = 2147483647;
			files = (
				043D8DBF1DE5DA7B004E7899 /* BaseTableViewController.swift in Sources */,
				0494C5271DE6931F00305213 /* TitleViewButton.swift in Sources */,
				0494C52B1DE696D000305213 /* PopoverViewController.swift in Sources */,
				04D55E911DE5B157006113EC /* UIButton-Extension.swift in Sources */,
				0494C5251DE68F0A00305213 /* UIBarButtonItem-Extension.swift in Sources */,
				04D55E7C1DE599FE006113EC /* DiscoverViewController.swift in Sources */,
				046DE8551DE7D12B00E829D3 /* LYPresentationController.swift in Sources */,
				04D55E761DE5998F006113EC /* BaseViewController.swift in Sources */,
				04D55E5A1DE564FE006113EC /* AppDelegate.swift in Sources */,
				043D8DC61DE5E489004E7899 /* HomeViewController.swift in Sources */,
				046DE8571DE7E26700E829D3 /* PopoverAnimator.swift in Sources */,
				04D55E7A1DE599F1006113EC /* MessageViewController.swift in Sources */,
				043D8DC21DE5E235004E7899 /* VistorView.swift in Sources */,
				04D55E7E1DE59A09006113EC /* ProfileViewController.swift in Sources */,
				04D55E721DE598E8006113EC /* MainViewController.swift in Sources */,
			);
			runOnlyForDeploymentPostprocessing = 0;
		};
/* End PBXSourcesBuildPhase section */

/* Begin PBXVariantGroup section */
		04D55E5D1DE564FE006113EC /* Main.storyboard */ = {
			isa = PBXVariantGroup;
			children = (
				04D55E5E1DE564FE006113EC /* Base */,
			);
			name = Main.storyboard;
			sourceTree = "<group>";
		};
/* End PBXVariantGroup section */

/* Begin XCBuildConfiguration section */
		04D55E661DE564FE006113EC /* Debug */ = {
			isa = XCBuildConfiguration;
			buildSettings = {
				ALWAYS_SEARCH_USER_PATHS = NO;
				CLANG_ANALYZER_NONNULL = YES;
				CLANG_CXX_LANGUAGE_STANDARD = "gnu++0x";
				CLANG_CXX_LIBRARY = "libc++";
				CLANG_ENABLE_MODULES = YES;
				CLANG_ENABLE_OBJC_ARC = YES;
				CLANG_WARN_BOOL_CONVERSION = YES;
				CLANG_WARN_CONSTANT_CONVERSION = YES;
				CLANG_WARN_DIRECT_OBJC_ISA_USAGE = YES_ERROR;
				CLANG_WARN_EMPTY_BODY = YES;
				CLANG_WARN_ENUM_CONVERSION = YES;
				CLANG_WARN_INT_CONVERSION = YES;
				CLANG_WARN_OBJC_ROOT_CLASS = YES_ERROR;
				CLANG_WARN_UNREACHABLE_CODE = YES;
				CLANG_WARN__DUPLICATE_METHOD_MATCH = YES;
				"CODE_SIGN_IDENTITY[sdk=iphoneos*]" = "iPhone Developer";
				COPY_PHASE_STRIP = NO;
				DEBUG_INFORMATION_FORMAT = dwarf;
				ENABLE_STRICT_OBJC_MSGSEND = YES;
				ENABLE_TESTABILITY = YES;
				GCC_C_LANGUAGE_STANDARD = gnu99;
				GCC_DYNAMIC_NO_PIC = NO;
				GCC_NO_COMMON_BLOCKS = YES;
				GCC_OPTIMIZATION_LEVEL = 0;
				GCC_PREPROCESSOR_DEFINITIONS = (
					"DEBUG=1",
					"$(inherited)",
				);
				GCC_WARN_64_TO_32_BIT_CONVERSION = YES;
				GCC_WARN_ABOUT_RETURN_TYPE = YES_ERROR;
				GCC_WARN_UNDECLARED_SELECTOR = YES;
				GCC_WARN_UNINITIALIZED_AUTOS = YES_AGGRESSIVE;
				GCC_WARN_UNUSED_FUNCTION = YES;
				GCC_WARN_UNUSED_VARIABLE = YES;
				IPHONEOS_DEPLOYMENT_TARGET = 9.3;
				MTL_ENABLE_DEBUG_INFO = YES;
				ONLY_ACTIVE_ARCH = YES;
				SDKROOT = iphoneos;
				SWIFT_OPTIMIZATION_LEVEL = "-Onone";
			};
			name = Debug;
		};
		04D55E671DE564FE006113EC /* Release */ = {
			isa = XCBuildConfiguration;
			buildSettings = {
				ALWAYS_SEARCH_USER_PATHS = NO;
				CLANG_ANALYZER_NONNULL = YES;
				CLANG_CXX_LANGUAGE_STANDARD = "gnu++0x";
				CLANG_CXX_LIBRARY = "libc++";
				CLANG_ENABLE_MODULES = YES;
				CLANG_ENABLE_OBJC_ARC = YES;
				CLANG_WARN_BOOL_CONVERSION = YES;
				CLANG_WARN_CONSTANT_CONVERSION = YES;
				CLANG_WARN_DIRECT_OBJC_ISA_USAGE = YES_ERROR;
				CLANG_WARN_EMPTY_BODY = YES;
				CLANG_WARN_ENUM_CONVERSION = YES;
				CLANG_WARN_INT_CONVERSION = YES;
				CLANG_WARN_OBJC_ROOT_CLASS = YES_ERROR;
				CLANG_WARN_UNREACHABLE_CODE = YES;
				CLANG_WARN__DUPLICATE_METHOD_MATCH = YES;
				"CODE_SIGN_IDENTITY[sdk=iphoneos*]" = "iPhone Developer";
				COPY_PHASE_STRIP = NO;
				DEBUG_INFORMATION_FORMAT = "dwarf-with-dsym";
				ENABLE_NS_ASSERTIONS = NO;
				ENABLE_STRICT_OBJC_MSGSEND = YES;
				GCC_C_LANGUAGE_STANDARD = gnu99;
				GCC_NO_COMMON_BLOCKS = YES;
				GCC_WARN_64_TO_32_BIT_CONVERSION = YES;
				GCC_WARN_ABOUT_RETURN_TYPE = YES_ERROR;
				GCC_WARN_UNDECLARED_SELECTOR = YES;
				GCC_WARN_UNINITIALIZED_AUTOS = YES_AGGRESSIVE;
				GCC_WARN_UNUSED_FUNCTION = YES;
				GCC_WARN_UNUSED_VARIABLE = YES;
				IPHONEOS_DEPLOYMENT_TARGET = 9.3;
				MTL_ENABLE_DEBUG_INFO = NO;
				SDKROOT = iphoneos;
				VALIDATE_PRODUCT = YES;
			};
			name = Release;
		};
		04D55E691DE564FE006113EC /* Debug */ = {
			isa = XCBuildConfiguration;
			buildSettings = {
				ASSETCATALOG_COMPILER_APPICON_NAME = AppIcon;
				ASSETCATALOG_COMPILER_LAUNCHIMAGE_NAME = "Brand Assets";
				INFOPLIST_FILE = WBSwift/Info.plist;
				IPHONEOS_DEPLOYMENT_TARGET = 9.0;
				LD_RUNPATH_SEARCH_PATHS = "$(inherited) @executable_path/Frameworks";
				PRODUCT_BUNDLE_IDENTIFIER = cn.kevin.WBSwift;
				PRODUCT_NAME = "$(TARGET_NAME)";
			};
			name = Debug;
		};
		04D55E6A1DE564FE006113EC /* Release */ = {
			isa = XCBuildConfiguration;
			buildSettings = {
				ASSETCATALOG_COMPILER_APPICON_NAME = AppIcon;
				ASSETCATALOG_COMPILER_LAUNCHIMAGE_NAME = "Brand Assets";
				INFOPLIST_FILE = WBSwift/Info.plist;
				IPHONEOS_DEPLOYMENT_TARGET = 9.0;
				LD_RUNPATH_SEARCH_PATHS = "$(inherited) @executable_path/Frameworks";
				PRODUCT_BUNDLE_IDENTIFIER = cn.kevin.WBSwift;
				PRODUCT_NAME = "$(TARGET_NAME)";
			};
			name = Release;
		};
/* End XCBuildConfiguration section */

/* Begin XCConfigurationList section */
		04D55E511DE564FE006113EC /* Build configuration list for PBXProject "WBSwift" */ = {
			isa = XCConfigurationList;
			buildConfigurations = (
				04D55E661DE564FE006113EC /* Debug */,
				04D55E671DE564FE006113EC /* Release */,
			);
			defaultConfigurationIsVisible = 0;
			defaultConfigurationName = Release;
		};
		04D55E681DE564FE006113EC /* Build configuration list for PBXNativeTarget "WBSwift" */ = {
			isa = XCConfigurationList;
			buildConfigurations = (
				04D55E691DE564FE006113EC /* Debug */,
				04D55E6A1DE564FE006113EC /* Release */,
			);
			defaultConfigurationIsVisible = 0;
			defaultConfigurationName = Release;
		};
/* End XCConfigurationList section */
	};
	rootObject = 04D55E4E1DE564FE006113EC /* Project object */;
}
